// !$*UTF8*$!
{
	archiveVersion = 1;
	classes = {
	};
	objectVersion = 55;
	objects = {

/* Begin PBXBuildFile section */
		EF10EE9128BCC97E004DE5C2 /* SignUpUIState.swift in Sources */ = {isa = PBXBuildFile; fileRef = EF10EE9028BCC97E004DE5C2 /* SignUpUIState.swift */; };
		EF10EE9328BCCA32004DE5C2 /* SignUpViewModel.swift in Sources */ = {isa = PBXBuildFile; fileRef = EF10EE9228BCCA32004DE5C2 /* SignUpViewModel.swift */; };
		EF10EE9528BCCBF8004DE5C2 /* SignUpViewRouter.swift in Sources */ = {isa = PBXBuildFile; fileRef = EF10EE9428BCCBF8004DE5C2 /* SignUpViewRouter.swift */; };
		EF110A1928BC589900D16CEC /* Gender.swift in Sources */ = {isa = PBXBuildFile; fileRef = EF110A1828BC589900D16CEC /* Gender.swift */; };
		EF36165A28C209BC00028DE2 /* LoadingButtonView.swift in Sources */ = {isa = PBXBuildFile; fileRef = EF36165928C209BC00028DE2 /* LoadingButtonView.swift */; };
		EF581D7728B5A29C003C854B /* SignInView.swift in Sources */ = {isa = PBXBuildFile; fileRef = EF581D7628B5A29C003C854B /* SignInView.swift */; };
		EF581D7B28B5A350003C854B /* SignInViewModel.swift in Sources */ = {isa = PBXBuildFile; fileRef = EF581D7A28B5A350003C854B /* SignInViewModel.swift */; };
		EF581D7D28B5A4A0003C854B /* SplashViewRouter.swift in Sources */ = {isa = PBXBuildFile; fileRef = EF581D7C28B5A4A0003C854B /* SplashViewRouter.swift */; };
		EF5B0EC728B808970080895C /* SignInUIState.swift in Sources */ = {isa = PBXBuildFile; fileRef = EF5B0EC628B808970080895C /* SignInUIState.swift */; };
		EF66CDC328B4E42800F7F5EA /* SplashViewModel.swift in Sources */ = {isa = PBXBuildFile; fileRef = EF66CDC228B4E42800F7F5EA /* SplashViewModel.swift */; };
		EF75964928BEF72A00A0A6FD /* EditTextView.swift in Sources */ = {isa = PBXBuildFile; fileRef = EF75964828BEF72A00A0A6FD /* EditTextView.swift */; };
		EF8F13DE28B9976E00A9AF39 /* SignInViewRouter.swift in Sources */ = {isa = PBXBuildFile; fileRef = EF8F13DD28B9976E00A9AF39 /* SignInViewRouter.swift */; };
		EF8F13E628B9986E00A9AF39 /* HomeView.swift in Sources */ = {isa = PBXBuildFile; fileRef = EF8F13E528B9986E00A9AF39 /* HomeView.swift */; };
		EF8F13E828B9988A00A9AF39 /* HomeViewModel.swift in Sources */ = {isa = PBXBuildFile; fileRef = EF8F13E728B9988A00A9AF39 /* HomeViewModel.swift */; };
		EF9AC7C228AED0AE003BD507 /* SplashView.swift in Sources */ = {isa = PBXBuildFile; fileRef = EF9AC7C128AED0AE003BD507 /* SplashView.swift */; };
		EF9AC7C428AED203003BD507 /* SplashUIState.swift in Sources */ = {isa = PBXBuildFile; fileRef = EF9AC7C328AED203003BD507 /* SplashUIState.swift */; };
		EFB2867528BFB30B0097FA36 /* CustomTextFieldStyle.swift in Sources */ = {isa = PBXBuildFile; fileRef = EFB2867428BFB30B0097FA36 /* CustomTextFieldStyle.swift */; };
		EFB349CB28C18F0F000632DB /* String+Extension.swift in Sources */ = {isa = PBXBuildFile; fileRef = EFB349CA28C18F0E000632DB /* String+Extension.swift */; };
		EFBF121428BC3693004F0BD6 /* SignUpView.swift in Sources */ = {isa = PBXBuildFile; fileRef = EFBF121328BC3693004F0BD6 /* SignUpView.swift */; };
		EFE408C728A69F8A00BDD763 /* HabitPlusApp.swift in Sources */ = {isa = PBXBuildFile; fileRef = EFE408C628A69F8A00BDD763 /* HabitPlusApp.swift */; };
		EFE408CB28A69F9100BDD763 /* Assets.xcassets in Resources */ = {isa = PBXBuildFile; fileRef = EFE408CA28A69F9100BDD763 /* Assets.xcassets */; };
		EFE408CE28A69F9100BDD763 /* Preview Assets.xcassets in Resources */ = {isa = PBXBuildFile; fileRef = EFE408CD28A69F9100BDD763 /* Preview Assets.xcassets */; };
/* End PBXBuildFile section */

/* Begin PBXFileReference section */
		EF10EE9028BCC97E004DE5C2 /* SignUpUIState.swift */ = {isa = PBXFileReference; lastKnownFileType = sourcecode.swift; path = SignUpUIState.swift; sourceTree = "<group>"; };
		EF10EE9228BCCA32004DE5C2 /* SignUpViewModel.swift */ = {isa = PBXFileReference; lastKnownFileType = sourcecode.swift; path = SignUpViewModel.swift; sourceTree = "<group>"; };
		EF10EE9428BCCBF8004DE5C2 /* SignUpViewRouter.swift */ = {isa = PBXFileReference; lastKnownFileType = sourcecode.swift; path = SignUpViewRouter.swift; sourceTree = "<group>"; };
		EF110A1828BC589900D16CEC /* Gender.swift */ = {isa = PBXFileReference; lastKnownFileType = sourcecode.swift; path = Gender.swift; sourceTree = "<group>"; };
		EF36165928C209BC00028DE2 /* LoadingButtonView.swift */ = {isa = PBXFileReference; lastKnownFileType = sourcecode.swift; path = LoadingButtonView.swift; sourceTree = "<group>"; };
		EF581D7628B5A29C003C854B /* SignInView.swift */ = {isa = PBXFileReference; lastKnownFileType = sourcecode.swift; path = SignInView.swift; sourceTree = "<group>"; };
		EF581D7A28B5A350003C854B /* SignInViewModel.swift */ = {isa = PBXFileReference; lastKnownFileType = sourcecode.swift; path = SignInViewModel.swift; sourceTree = "<group>"; };
		EF581D7C28B5A4A0003C854B /* SplashViewRouter.swift */ = {isa = PBXFileReference; lastKnownFileType = sourcecode.swift; path = SplashViewRouter.swift; sourceTree = "<group>"; };
		EF5B0EC628B808970080895C /* SignInUIState.swift */ = {isa = PBXFileReference; lastKnownFileType = sourcecode.swift; path = SignInUIState.swift; sourceTree = "<group>"; };
		EF66CDC228B4E42800F7F5EA /* SplashViewModel.swift */ = {isa = PBXFileReference; lastKnownFileType = sourcecode.swift; path = SplashViewModel.swift; sourceTree = "<group>"; };
		EF75964828BEF72A00A0A6FD /* EditTextView.swift */ = {isa = PBXFileReference; lastKnownFileType = sourcecode.swift; path = EditTextView.swift; sourceTree = "<group>"; };
		EF8F13DD28B9976E00A9AF39 /* SignInViewRouter.swift */ = {isa = PBXFileReference; lastKnownFileType = sourcecode.swift; path = SignInViewRouter.swift; sourceTree = "<group>"; };
		EF8F13E528B9986E00A9AF39 /* HomeView.swift */ = {isa = PBXFileReference; lastKnownFileType = sourcecode.swift; path = HomeView.swift; sourceTree = "<group>"; };
		EF8F13E728B9988A00A9AF39 /* HomeViewModel.swift */ = {isa = PBXFileReference; lastKnownFileType = sourcecode.swift; path = HomeViewModel.swift; sourceTree = "<group>"; };
		EF9AC7C128AED0AE003BD507 /* SplashView.swift */ = {isa = PBXFileReference; lastKnownFileType = sourcecode.swift; path = SplashView.swift; sourceTree = "<group>"; };
		EF9AC7C328AED203003BD507 /* SplashUIState.swift */ = {isa = PBXFileReference; lastKnownFileType = sourcecode.swift; path = SplashUIState.swift; sourceTree = "<group>"; };
		EFB2867428BFB30B0097FA36 /* CustomTextFieldStyle.swift */ = {isa = PBXFileReference; lastKnownFileType = sourcecode.swift; path = CustomTextFieldStyle.swift; sourceTree = "<group>"; };
		EFB349CA28C18F0E000632DB /* String+Extension.swift */ = {isa = PBXFileReference; lastKnownFileType = sourcecode.swift; path = "String+Extension.swift"; sourceTree = "<group>"; };
		EFBF121328BC3693004F0BD6 /* SignUpView.swift */ = {isa = PBXFileReference; lastKnownFileType = sourcecode.swift; path = SignUpView.swift; sourceTree = "<group>"; };
		EFE408C328A69F8A00BDD763 /* HabitPlus.app */ = {isa = PBXFileReference; explicitFileType = wrapper.application; includeInIndex = 0; path = HabitPlus.app; sourceTree = BUILT_PRODUCTS_DIR; };
		EFE408C628A69F8A00BDD763 /* HabitPlusApp.swift */ = {isa = PBXFileReference; lastKnownFileType = sourcecode.swift; path = HabitPlusApp.swift; sourceTree = "<group>"; };
		EFE408CA28A69F9100BDD763 /* Assets.xcassets */ = {isa = PBXFileReference; lastKnownFileType = folder.assetcatalog; path = Assets.xcassets; sourceTree = "<group>"; };
		EFE408CD28A69F9100BDD763 /* Preview Assets.xcassets */ = {isa = PBXFileReference; lastKnownFileType = folder.assetcatalog; path = "Preview Assets.xcassets"; sourceTree = "<group>"; };
/* End PBXFileReference section */

/* Begin PBXFrameworksBuildPhase section */
		EFE408C028A69F8A00BDD763 /* Frameworks */ = {
			isa = PBXFrameworksBuildPhase;
			buildActionMask = 2147483647;
			files = (
			);
			runOnlyForDeploymentPostprocessing = 0;
		};
/* End PBXFrameworksBuildPhase section */

/* Begin PBXGroup section */
		EF110A1628BC585E00D16CEC /* Common */ = {
			isa = PBXGroup;
			children = (
				EFB349C928C18EE3000632DB /* Lang */,
				EF75964728BEF70000A0A6FD /* View */,
				EF110A1728BC588500D16CEC /* Model */,
			);
			path = Common;
			sourceTree = "<group>";
		};
		EF110A1728BC588500D16CEC /* Model */ = {
			isa = PBXGroup;
			children = (
				EF110A1828BC589900D16CEC /* Gender.swift */,
			);
			path = Model;
			sourceTree = "<group>";
		};
		EF581D7128B5A1B9003C854B /* SignIn */ = {
			isa = PBXGroup;
			children = (
				EF581D7528B5A21C003C854B /* View */,
				EF581D7428B5A211003C854B /* ViewModel */,
				EF581D7228B5A1FB003C854B /* Model */,
			);
			path = SignIn;
			sourceTree = "<group>";
		};
		EF581D7228B5A1FB003C854B /* Model */ = {
			isa = PBXGroup;
			children = (
				EF5B0EC628B808970080895C /* SignInUIState.swift */,
			);
			path = Model;
			sourceTree = "<group>";
		};
		EF581D7428B5A211003C854B /* ViewModel */ = {
			isa = PBXGroup;
			children = (
				EF581D7A28B5A350003C854B /* SignInViewModel.swift */,
				EF8F13DD28B9976E00A9AF39 /* SignInViewRouter.swift */,
			);
			path = ViewModel;
			sourceTree = "<group>";
		};
		EF581D7528B5A21C003C854B /* View */ = {
			isa = PBXGroup;
			children = (
				EF581D7628B5A29C003C854B /* SignInView.swift */,
			);
			path = View;
			sourceTree = "<group>";
		};
		EF66CDC128B4E25F00F7F5EA /* ViewModel */ = {
			isa = PBXGroup;
			children = (
				EF66CDC228B4E42800F7F5EA /* SplashViewModel.swift */,
				EF581D7C28B5A4A0003C854B /* SplashViewRouter.swift */,
			);
			path = ViewModel;
			sourceTree = "<group>";
		};
		EF75964728BEF70000A0A6FD /* View */ = {
			isa = PBXGroup;
			children = (
				EFB2867328BFB2D30097FA36 /* Style */,
				EF75964828BEF72A00A0A6FD /* EditTextView.swift */,
				EF36165928C209BC00028DE2 /* LoadingButtonView.swift */,
			);
			path = View;
			sourceTree = "<group>";
		};
		EF8F13DF28B997DC00A9AF39 /* Home */ = {
			isa = PBXGroup;
			children = (
				EF8F13E428B9983D00A9AF39 /* View */,
				EF8F13E328B9983600A9AF39 /* ViewModel */,
				EF8F13E228B9982A00A9AF39 /* Model */,
			);
			path = Home;
			sourceTree = "<group>";
		};
		EF8F13E228B9982A00A9AF39 /* Model */ = {
			isa = PBXGroup;
			children = (
			);
			path = Model;
			sourceTree = "<group>";
		};
		EF8F13E328B9983600A9AF39 /* ViewModel */ = {
			isa = PBXGroup;
			children = (
				EF8F13E728B9988A00A9AF39 /* HomeViewModel.swift */,
			);
			path = ViewModel;
			sourceTree = "<group>";
		};
		EF8F13E428B9983D00A9AF39 /* View */ = {
			isa = PBXGroup;
			children = (
				EF8F13E528B9986E00A9AF39 /* HomeView.swift */,
			);
			path = View;
			sourceTree = "<group>";
		};
		EF9AC7BE28AED023003BD507 /* Splash */ = {
			isa = PBXGroup;
			children = (
				EF9AC7BF28AED045003BD507 /* View */,
				EF66CDC128B4E25F00F7F5EA /* ViewModel */,
				EF9AC7C028AED057003BD507 /* Model */,
			);
			path = Splash;
			sourceTree = "<group>";
		};
		EF9AC7BF28AED045003BD507 /* View */ = {
			isa = PBXGroup;
			children = (
				EF9AC7C128AED0AE003BD507 /* SplashView.swift */,
			);
			path = View;
			sourceTree = "<group>";
		};
		EF9AC7C028AED057003BD507 /* Model */ = {
			isa = PBXGroup;
			children = (
				EF9AC7C328AED203003BD507 /* SplashUIState.swift */,
			);
			path = Model;
			sourceTree = "<group>";
		};
		EFB2867328BFB2D30097FA36 /* Style */ = {
			isa = PBXGroup;
			children = (
				EFB2867428BFB30B0097FA36 /* CustomTextFieldStyle.swift */,
			);
			path = Style;
			sourceTree = "<group>";
		};
		EFB349C928C18EE3000632DB /* Lang */ = {
			isa = PBXGroup;
			children = (
				EFB349CA28C18F0E000632DB /* String+Extension.swift */,
			);
			path = Lang;
			sourceTree = "<group>";
		};
		EFBF120F28BC35D4004F0BD6 /* SignUp */ = {
			isa = PBXGroup;
			children = (
				EFBF121228BC360C004F0BD6 /* View */,
				EFBF121128BC3606004F0BD6 /* ViewModel */,
				EFBF121028BC3600004F0BD6 /* Model */,
			);
			path = SignUp;
			sourceTree = "<group>";
		};
		EFBF121028BC3600004F0BD6 /* Model */ = {
			isa = PBXGroup;
			children = (
				EF10EE9028BCC97E004DE5C2 /* SignUpUIState.swift */,
			);
			path = Model;
			sourceTree = "<group>";
		};
		EFBF121128BC3606004F0BD6 /* ViewModel */ = {
			isa = PBXGroup;
			children = (
				EF10EE9228BCCA32004DE5C2 /* SignUpViewModel.swift */,
				EF10EE9428BCCBF8004DE5C2 /* SignUpViewRouter.swift */,
			);
			path = ViewModel;
			sourceTree = "<group>";
		};
		EFBF121228BC360C004F0BD6 /* View */ = {
			isa = PBXGroup;
			children = (
				EFBF121328BC3693004F0BD6 /* SignUpView.swift */,
			);
			path = View;
			sourceTree = "<group>";
		};
		EFE408BA28A69F8A00BDD763 = {
			isa = PBXGroup;
			children = (
				EFE408C528A69F8A00BDD763 /* HabitPlus */,
				EFE408C428A69F8A00BDD763 /* Products */,
			);
			sourceTree = "<group>";
		};
		EFE408C428A69F8A00BDD763 /* Products */ = {
			isa = PBXGroup;
			children = (
				EFE408C328A69F8A00BDD763 /* HabitPlus.app */,
			);
			name = Products;
			sourceTree = "<group>";
		};
		EFE408C528A69F8A00BDD763 /* HabitPlus */ = {
			isa = PBXGroup;
			children = (
				EF110A1628BC585E00D16CEC /* Common */,
				EFBF120F28BC35D4004F0BD6 /* SignUp */,
				EF8F13DF28B997DC00A9AF39 /* Home */,
				EF581D7128B5A1B9003C854B /* SignIn */,
				EF9AC7BE28AED023003BD507 /* Splash */,
				EFE408C628A69F8A00BDD763 /* HabitPlusApp.swift */,
				EFE408CA28A69F9100BDD763 /* Assets.xcassets */,
				EFE408CC28A69F9100BDD763 /* Preview Content */,
			);
			path = HabitPlus;
			sourceTree = "<group>";
		};
		EFE408CC28A69F9100BDD763 /* Preview Content */ = {
			isa = PBXGroup;
			children = (
				EFE408CD28A69F9100BDD763 /* Preview Assets.xcassets */,
			);
			path = "Preview Content";
			sourceTree = "<group>";
		};
/* End PBXGroup section */

/* Begin PBXNativeTarget section */
		EFE408C228A69F8A00BDD763 /* HabitPlus */ = {
			isa = PBXNativeTarget;
			buildConfigurationList = EFE408D128A69F9100BDD763 /* Build configuration list for PBXNativeTarget "HabitPlus" */;
			buildPhases = (
				EFE408BF28A69F8A00BDD763 /* Sources */,
				EFE408C028A69F8A00BDD763 /* Frameworks */,
				EFE408C128A69F8A00BDD763 /* Resources */,
			);
			buildRules = (
			);
			dependencies = (
			);
			name = HabitPlus;
			productName = HabitPlus;
			productReference = EFE408C328A69F8A00BDD763 /* HabitPlus.app */;
			productType = "com.apple.product-type.application";
		};
/* End PBXNativeTarget section */

/* Begin PBXProject section */
		EFE408BB28A69F8A00BDD763 /* Project object */ = {
			isa = PBXProject;
			attributes = {
				BuildIndependentTargetsInParallel = 1;
				LastSwiftUpdateCheck = 1340;
				LastUpgradeCheck = 1340;
				TargetAttributes = {
					EFE408C228A69F8A00BDD763 = {
						CreatedOnToolsVersion = 13.4.1;
					};
				};
			};
			buildConfigurationList = EFE408BE28A69F8A00BDD763 /* Build configuration list for PBXProject "HabitPlus" */;
			compatibilityVersion = "Xcode 13.0";
			developmentRegion = en;
			hasScannedForEncodings = 0;
			knownRegions = (
				en,
				Base,
			);
			mainGroup = EFE408BA28A69F8A00BDD763;
			productRefGroup = EFE408C428A69F8A00BDD763 /* Products */;
			projectDirPath = "";
			projectRoot = "";
			targets = (
				EFE408C228A69F8A00BDD763 /* HabitPlus */,
			);
		};
/* End PBXProject section */

/* Begin PBXResourcesBuildPhase section */
		EFE408C128A69F8A00BDD763 /* Resources */ = {
			isa = PBXResourcesBuildPhase;
			buildActionMask = 2147483647;
			files = (
				EFE408CE28A69F9100BDD763 /* Preview Assets.xcassets in Resources */,
				EFE408CB28A69F9100BDD763 /* Assets.xcassets in Resources */,
			);
			runOnlyForDeploymentPostprocessing = 0;
		};
/* End PBXResourcesBuildPhase section */

/* Begin PBXSourcesBuildPhase section */
		EFE408BF28A69F8A00BDD763 /* Sources */ = {
			isa = PBXSourcesBuildPhase;
			buildActionMask = 2147483647;
			files = (
				EF9AC7C428AED203003BD507 /* SplashUIState.swift in Sources */,
				EF8F13E828B9988A00A9AF39 /* HomeViewModel.swift in Sources */,
				EFE408C728A69F8A00BDD763 /* HabitPlusApp.swift in Sources */,
				EF36165A28C209BC00028DE2 /* LoadingButtonView.swift in Sources */,
				EFB349CB28C18F0F000632DB /* String+Extension.swift in Sources */,
				EF10EE9528BCCBF8004DE5C2 /* SignUpViewRouter.swift in Sources */,
				EF581D7B28B5A350003C854B /* SignInViewModel.swift in Sources */,
				EFBF121428BC3693004F0BD6 /* SignUpView.swift in Sources */,
				EF8F13E628B9986E00A9AF39 /* HomeView.swift in Sources */,
				EF8F13DE28B9976E00A9AF39 /* SignInViewRouter.swift in Sources */,
				EF10EE9328BCCA32004DE5C2 /* SignUpViewModel.swift in Sources */,
				EF10EE9128BCC97E004DE5C2 /* SignUpUIState.swift in Sources */,
				EF9AC7C228AED0AE003BD507 /* SplashView.swift in Sources */,
				EF110A1928BC589900D16CEC /* Gender.swift in Sources */,
				EF66CDC328B4E42800F7F5EA /* SplashViewModel.swift in Sources */,
				EF5B0EC728B808970080895C /* SignInUIState.swift in Sources */,
				EFB2867528BFB30B0097FA36 /* CustomTextFieldStyle.swift in Sources */,
				EF75964928BEF72A00A0A6FD /* EditTextView.swift in Sources */,
				EF581D7D28B5A4A0003C854B /* SplashViewRouter.swift in Sources */,
				EF581D7728B5A29C003C854B /* SignInView.swift in Sources */,
			);
			runOnlyForDeploymentPostprocessing = 0;
		};
/* End PBXSourcesBuildPhase section */

/* Begin XCBuildConfiguration section */
		EFE408CF28A69F9100BDD763 /* Debug */ = {
			isa = XCBuildConfiguration;
			buildSettings = {
				ALWAYS_SEARCH_USER_PATHS = NO;
				CLANG_ANALYZER_NONNULL = YES;
				CLANG_ANALYZER_NUMBER_OBJECT_CONVERSION = YES_AGGRESSIVE;
				CLANG_CXX_LANGUAGE_STANDARD = "gnu++17";
				CLANG_ENABLE_MODULES = YES;
				CLANG_ENABLE_OBJC_ARC = YES;
				CLANG_ENABLE_OBJC_WEAK = YES;
				CLANG_WARN_BLOCK_CAPTURE_AUTORELEASING = YES;
				CLANG_WARN_BOOL_CONVERSION = YES;
				CLANG_WARN_COMMA = YES;
				CLANG_WARN_CONSTANT_CONVERSION = YES;
				CLANG_WARN_DEPRECATED_OBJC_IMPLEMENTATIONS = YES;
				CLANG_WARN_DIRECT_OBJC_ISA_USAGE = YES_ERROR;
				CLANG_WARN_DOCUMENTATION_COMMENTS = YES;
				CLANG_WARN_EMPTY_BODY = YES;
				CLANG_WARN_ENUM_CONVERSION = YES;
				CLANG_WARN_INFINITE_RECURSION = YES;
				CLANG_WARN_INT_CONVERSION = YES;
				CLANG_WARN_NON_LITERAL_NULL_CONVERSION = YES;
				CLANG_WARN_OBJC_IMPLICIT_RETAIN_SELF = YES;
				CLANG_WARN_OBJC_LITERAL_CONVERSION = YES;
				CLANG_WARN_OBJC_ROOT_CLASS = YES_ERROR;
				CLANG_WARN_QUOTED_INCLUDE_IN_FRAMEWORK_HEADER = YES;
				CLANG_WARN_RANGE_LOOP_ANALYSIS = YES;
				CLANG_WARN_STRICT_PROTOTYPES = YES;
				CLANG_WARN_SUSPICIOUS_MOVE = YES;
				CLANG_WARN_UNGUARDED_AVAILABILITY = YES_AGGRESSIVE;
				CLANG_WARN_UNREACHABLE_CODE = YES;
				CLANG_WARN__DUPLICATE_METHOD_MATCH = YES;
				COPY_PHASE_STRIP = NO;
				DEBUG_INFORMATION_FORMAT = dwarf;
				ENABLE_STRICT_OBJC_MSGSEND = YES;
				ENABLE_TESTABILITY = YES;
				GCC_C_LANGUAGE_STANDARD = gnu11;
				GCC_DYNAMIC_NO_PIC = NO;
				GCC_NO_COMMON_BLOCKS = YES;
				GCC_OPTIMIZATION_LEVEL = 0;
				GCC_PREPROCESSOR_DEFINITIONS = (
					"DEBUG=1",
					"$(inherited)",
				);
				GCC_WARN_64_TO_32_BIT_CONVERSION = YES;
				GCC_WARN_ABOUT_RETURN_TYPE = YES_ERROR;
				GCC_WARN_UNDECLARED_SELECTOR = YES;
				GCC_WARN_UNINITIALIZED_AUTOS = YES_AGGRESSIVE;
				GCC_WARN_UNUSED_FUNCTION = YES;
				GCC_WARN_UNUSED_VARIABLE = YES;
				IPHONEOS_DEPLOYMENT_TARGET = 15.5;
				MTL_ENABLE_DEBUG_INFO = INCLUDE_SOURCE;
				MTL_FAST_MATH = YES;
				ONLY_ACTIVE_ARCH = YES;
				SDKROOT = iphoneos;
				SWIFT_ACTIVE_COMPILATION_CONDITIONS = DEBUG;
				SWIFT_OPTIMIZATION_LEVEL = "-Onone";
			};
			name = Debug;
		};
		EFE408D028A69F9100BDD763 /* Release */ = {
			isa = XCBuildConfiguration;
			buildSettings = {
				ALWAYS_SEARCH_USER_PATHS = NO;
				CLANG_ANALYZER_NONNULL = YES;
				CLANG_ANALYZER_NUMBER_OBJECT_CONVERSION = YES_AGGRESSIVE;
				CLANG_CXX_LANGUAGE_STANDARD = "gnu++17";
				CLANG_ENABLE_MODULES = YES;
				CLANG_ENABLE_OBJC_ARC = YES;
				CLANG_ENABLE_OBJC_WEAK = YES;
				CLANG_WARN_BLOCK_CAPTURE_AUTORELEASING = YES;
				CLANG_WARN_BOOL_CONVERSION = YES;
				CLANG_WARN_COMMA = YES;
				CLANG_WARN_CONSTANT_CONVERSION = YES;
				CLANG_WARN_DEPRECATED_OBJC_IMPLEMENTATIONS = YES;
				CLANG_WARN_DIRECT_OBJC_ISA_USAGE = YES_ERROR;
				CLANG_WARN_DOCUMENTATION_COMMENTS = YES;
				CLANG_WARN_EMPTY_BODY = YES;
				CLANG_WARN_ENUM_CONVERSION = YES;
				CLANG_WARN_INFINITE_RECURSION = YES;
				CLANG_WARN_INT_CONVERSION = YES;
				CLANG_WARN_NON_LITERAL_NULL_CONVERSION = YES;
				CLANG_WARN_OBJC_IMPLICIT_RETAIN_SELF = YES;
				CLANG_WARN_OBJC_LITERAL_CONVERSION = YES;
				CLANG_WARN_OBJC_ROOT_CLASS = YES_ERROR;
				CLANG_WARN_QUOTED_INCLUDE_IN_FRAMEWORK_HEADER = YES;
				CLANG_WARN_RANGE_LOOP_ANALYSIS = YES;
				CLANG_WARN_STRICT_PROTOTYPES = YES;
				CLANG_WARN_SUSPICIOUS_MOVE = YES;
				CLANG_WARN_UNGUARDED_AVAILABILITY = YES_AGGRESSIVE;
				CLANG_WARN_UNREACHABLE_CODE = YES;
				CLANG_WARN__DUPLICATE_METHOD_MATCH = YES;
				COPY_PHASE_STRIP = NO;
				DEBUG_INFORMATION_FORMAT = "dwarf-with-dsym";
				ENABLE_NS_ASSERTIONS = NO;
				ENABLE_STRICT_OBJC_MSGSEND = YES;
				GCC_C_LANGUAGE_STANDARD = gnu11;
				GCC_NO_COMMON_BLOCKS = YES;
				GCC_WARN_64_TO_32_BIT_CONVERSION = YES;
				GCC_WARN_ABOUT_RETURN_TYPE = YES_ERROR;
				GCC_WARN_UNDECLARED_SELECTOR = YES;
				GCC_WARN_UNINITIALIZED_AUTOS = YES_AGGRESSIVE;
				GCC_WARN_UNUSED_FUNCTION = YES;
				GCC_WARN_UNUSED_VARIABLE = YES;
				IPHONEOS_DEPLOYMENT_TARGET = 15.5;
				MTL_ENABLE_DEBUG_INFO = NO;
				MTL_FAST_MATH = YES;
				SDKROOT = iphoneos;
				SWIFT_COMPILATION_MODE = wholemodule;
				SWIFT_OPTIMIZATION_LEVEL = "-O";
				VALIDATE_PRODUCT = YES;
			};
			name = Release;
		};
		EFE408D228A69F9100BDD763 /* Debug */ = {
			isa = XCBuildConfiguration;
			buildSettings = {
				ASSETCATALOG_COMPILER_APPICON_NAME = AppIcon;
				ASSETCATALOG_COMPILER_GLOBAL_ACCENT_COLOR_NAME = AccentColor;
				CODE_SIGN_STYLE = Automatic;
				CURRENT_PROJECT_VERSION = 1;
				DEVELOPMENT_ASSET_PATHS = "\"HabitPlus/Preview Content\"";
				ENABLE_PREVIEWS = YES;
				GENERATE_INFOPLIST_FILE = YES;
				INFOPLIST_KEY_UIApplicationSceneManifest_Generation = YES;
				INFOPLIST_KEY_UIApplicationSupportsIndirectInputEvents = YES;
				INFOPLIST_KEY_UILaunchScreen_Generation = YES;
				INFOPLIST_KEY_UISupportedInterfaceOrientations_iPad = "UIInterfaceOrientationPortrait UIInterfaceOrientationPortraitUpsideDown UIInterfaceOrientationLandscapeLeft UIInterfaceOrientationLandscapeRight";
				INFOPLIST_KEY_UISupportedInterfaceOrientations_iPhone = "UIInterfaceOrientationPortrait UIInterfaceOrientationLandscapeLeft UIInterfaceOrientationLandscapeRight";
				LD_RUNPATH_SEARCH_PATHS = (
					"$(inherited)",
					"@executable_path/Frameworks",
				);
				MARKETING_VERSION = 1.0;
				PRODUCT_BUNDLE_IDENTIFIER = com.brenovasconcellos.HabitPlus;
				PRODUCT_NAME = "$(TARGET_NAME)";
				SWIFT_EMIT_LOC_STRINGS = YES;
				SWIFT_VERSION = 5.0;
				TARGETED_DEVICE_FAMILY = "1,2";
			};
			name = Debug;
		};
		EFE408D328A69F9100BDD763 /* Release */ = {
			isa = XCBuildConfiguration;
			buildSettings = {
				ASSETCATALOG_COMPILER_APPICON_NAME = AppIcon;
				ASSETCATALOG_COMPILER_GLOBAL_ACCENT_COLOR_NAME = AccentColor;
				CODE_SIGN_STYLE = Automatic;
				CURRENT_PROJECT_VERSION = 1;
				DEVELOPMENT_ASSET_PATHS = "\"HabitPlus/Preview Content\"";
				ENABLE_PREVIEWS = YES;
				GENERATE_INFOPLIST_FILE = YES;
				INFOPLIST_KEY_UIApplicationSceneManifest_Generation = YES;
				INFOPLIST_KEY_UIApplicationSupportsIndirectInputEvents = YES;
				INFOPLIST_KEY_UILaunchScreen_Generation = YES;
				INFOPLIST_KEY_UISupportedInterfaceOrientations_iPad = "UIInterfaceOrientationPortrait UIInterfaceOrientationPortraitUpsideDown UIInterfaceOrientationLandscapeLeft UIInterfaceOrientationLandscapeRight";
				INFOPLIST_KEY_UISupportedInterfaceOrientations_iPhone = "UIInterfaceOrientationPortrait UIInterfaceOrientationLandscapeLeft UIInterfaceOrientationLandscapeRight";
				LD_RUNPATH_SEARCH_PATHS = (
					"$(inherited)",
					"@executable_path/Frameworks",
				);
				MARKETING_VERSION = 1.0;
				PRODUCT_BUNDLE_IDENTIFIER = com.brenovasconcellos.HabitPlus;
				PRODUCT_NAME = "$(TARGET_NAME)";
				SWIFT_EMIT_LOC_STRINGS = YES;
				SWIFT_VERSION = 5.0;
				TARGETED_DEVICE_FAMILY = "1,2";
			};
			name = Release;
		};
/* End XCBuildConfiguration section */

/* Begin XCConfigurationList section */
		EFE408BE28A69F8A00BDD763 /* Build configuration list for PBXProject "HabitPlus" */ = {
			isa = XCConfigurationList;
			buildConfigurations = (
				EFE408CF28A69F9100BDD763 /* Debug */,
				EFE408D028A69F9100BDD763 /* Release */,
			);
			defaultConfigurationIsVisible = 0;
			defaultConfigurationName = Release;
		};
		EFE408D128A69F9100BDD763 /* Build configuration list for PBXNativeTarget "HabitPlus" */ = {
			isa = XCConfigurationList;
			buildConfigurations = (
				EFE408D228A69F9100BDD763 /* Debug */,
				EFE408D328A69F9100BDD763 /* Release */,
			);
			defaultConfigurationIsVisible = 0;
			defaultConfigurationName = Release;
		};
/* End XCConfigurationList section */
	};
	rootObject = EFE408BB28A69F8A00BDD763 /* Project object */;
}
